// !$*UTF8*$!
{
	archiveVersion = 1;
	classes = {
	};
	objectVersion = 51;
	objects = {

/* Begin PBXBuildFile section */
		C31B693523A77233000BEF82 /* AppDelegate.swift in Sources */ = {isa = PBXBuildFile; fileRef = C31B693423A77233000BEF82 /* AppDelegate.swift */; };
		C31B693923A77233000BEF82 /* ViewController.swift in Sources */ = {isa = PBXBuildFile; fileRef = C31B693823A77233000BEF82 /* ViewController.swift */; };
		C31B693C23A77233000BEF82 /* Main.storyboard in Resources */ = {isa = PBXBuildFile; fileRef = C31B693A23A77233000BEF82 /* Main.storyboard */; };
		C31B693E23A77237000BEF82 /* Assets.xcassets in Resources */ = {isa = PBXBuildFile; fileRef = C31B693D23A77237000BEF82 /* Assets.xcassets */; };
		C31B694123A77237000BEF82 /* LaunchScreen.storyboard in Resources */ = {isa = PBXBuildFile; fileRef = C31B693F23A77237000BEF82 /* LaunchScreen.storyboard */; };
		C31B695223A77321000BEF82 /* ValidateHelper.swift in Sources */ = {isa = PBXBuildFile; fileRef = C31B694D23A77321000BEF82 /* ValidateHelper.swift */; };
		C31B695323A77321000BEF82 /* ServiceConfig.swift in Sources */ = {isa = PBXBuildFile; fileRef = C31B694E23A77321000BEF82 /* ServiceConfig.swift */; };
		C31B695423A77321000BEF82 /* ServiceManager.swift in Sources */ = {isa = PBXBuildFile; fileRef = C31B694F23A77321000BEF82 /* ServiceManager.swift */; };
		C31B695523A77321000BEF82 /* ImageHelper.swift in Sources */ = {isa = PBXBuildFile; fileRef = C31B695023A77321000BEF82 /* ImageHelper.swift */; };
		C31B695723A774C3000BEF82 /* BaseModel.swift in Sources */ = {isa = PBXBuildFile; fileRef = C31B695623A774C2000BEF82 /* BaseModel.swift */; };
		C31B695B23A775BC000BEF82 /* DeclarationKeywords.txt in Resources */ = {isa = PBXBuildFile; fileRef = C31B695A23A775BC000BEF82 /* DeclarationKeywords.txt */; };
		C324392C23A78FEA005C38D9 /* BaseTableView.swift in Sources */ = {isa = PBXBuildFile; fileRef = C324392B23A78FEA005C38D9 /* BaseTableView.swift */; };
		C324392F23A79057005C38D9 /* Spinner.swift in Sources */ = {isa = PBXBuildFile; fileRef = C324392E23A79057005C38D9 /* Spinner.swift */; };
		C324393223A790AD005C38D9 /* AlertViewController.swift in Sources */ = {isa = PBXBuildFile; fileRef = C324393123A790AD005C38D9 /* AlertViewController.swift */; };
		C324393423A790DD005C38D9 /* AlertViewController.xib in Resources */ = {isa = PBXBuildFile; fileRef = C324393323A790DD005C38D9 /* AlertViewController.xib */; };
		C324393723A791A4005C38D9 /* CustomPresentationController.swift in Sources */ = {isa = PBXBuildFile; fileRef = C324393623A791A4005C38D9 /* CustomPresentationController.swift */; };
		C324393A23A791CE005C38D9 /* CustomScrollView.swift in Sources */ = {isa = PBXBuildFile; fileRef = C324393923A791CE005C38D9 /* CustomScrollView.swift */; };
		C324393E23A7928B005C38D9 /* NibView.swift in Sources */ = {isa = PBXBuildFile; fileRef = C324393D23A7928B005C38D9 /* NibView.swift */; };
		C324394123A79309005C38D9 /* StyleApp.swift in Sources */ = {isa = PBXBuildFile; fileRef = C324394023A79309005C38D9 /* StyleApp.swift */; };
		C324394423A79378005C38D9 /* Extension+UIView.swift in Sources */ = {isa = PBXBuildFile; fileRef = C324394323A79378005C38D9 /* Extension+UIView.swift */; };
		C37B814623A86B620043ED2D /* Extension+UILabel.swift in Sources */ = {isa = PBXBuildFile; fileRef = C37B814523A86B620043ED2D /* Extension+UILabel.swift */; };
		C37B814823A86BD50043ED2D /* Extension+UITextField.swift in Sources */ = {isa = PBXBuildFile; fileRef = C37B814723A86BD50043ED2D /* Extension+UITextField.swift */; };
		C37B814A23A86C110043ED2D /* Extension+UITapGestureRecognizer.swift in Sources */ = {isa = PBXBuildFile; fileRef = C37B814923A86C110043ED2D /* Extension+UITapGestureRecognizer.swift */; };
		C37B814C23A86D4F0043ED2D /* Extension+UINavigationController.swift in Sources */ = {isa = PBXBuildFile; fileRef = C37B814B23A86D4F0043ED2D /* Extension+UINavigationController.swift */; };
		C37B814E23A86D920043ED2D /* Extension+Data.swift in Sources */ = {isa = PBXBuildFile; fileRef = C37B814D23A86D920043ED2D /* Extension+Data.swift */; };
		C37B815023A870940043ED2D /* Extension+UIViewController.swift in Sources */ = {isa = PBXBuildFile; fileRef = C37B814F23A870940043ED2D /* Extension+UIViewController.swift */; };
		C37B815423A8723D0043ED2D /* BaseViewController.swift in Sources */ = {isa = PBXBuildFile; fileRef = C37B815323A8723D0043ED2D /* BaseViewController.swift */; };
		C37B815623A874610043ED2D /* Extension+UITableView.swift in Sources */ = {isa = PBXBuildFile; fileRef = C37B815523A874610043ED2D /* Extension+UITableView.swift */; };
		C37B815823A874CF0043ED2D /* Extension+UICollectionView.swift in Sources */ = {isa = PBXBuildFile; fileRef = C37B815723A874CF0043ED2D /* Extension+UICollectionView.swift */; };
		C37B815A23A878860043ED2D /* Extension+String.swift in Sources */ = {isa = PBXBuildFile; fileRef = C37B815923A878860043ED2D /* Extension+String.swift */; };
		C37B815C23A87ABB0043ED2D /* Extension+UIImageView.swift in Sources */ = {isa = PBXBuildFile; fileRef = C37B815B23A87ABB0043ED2D /* Extension+UIImageView.swift */; };
		C37B815E23A87C4B0043ED2D /* Extension+UInt64.swift in Sources */ = {isa = PBXBuildFile; fileRef = C37B815D23A87C4B0043ED2D /* Extension+UInt64.swift */; };
		C37B816023A87C8E0043ED2D /* Extension+Int.swift in Sources */ = {isa = PBXBuildFile; fileRef = C37B815F23A87C8E0043ED2D /* Extension+Int.swift */; };
		C37B816223A87D9D0043ED2D /* Extension+Dictionary.swift in Sources */ = {isa = PBXBuildFile; fileRef = C37B816123A87D9D0043ED2D /* Extension+Dictionary.swift */; };
		C37B816423A87DDE0043ED2D /* Extension+Error.swift in Sources */ = {isa = PBXBuildFile; fileRef = C37B816323A87DDE0043ED2D /* Extension+Error.swift */; };
		C37B816623A87EB70043ED2D /* Extension+Date.swift in Sources */ = {isa = PBXBuildFile; fileRef = C37B816523A87EB70043ED2D /* Extension+Date.swift */; };
		C37B816823A87F560043ED2D /* Extension+NSNumber.swift in Sources */ = {isa = PBXBuildFile; fileRef = C37B816723A87F560043ED2D /* Extension+NSNumber.swift */; };
		C37B816A23A87F900043ED2D /* Extension+UIButton.swift in Sources */ = {isa = PBXBuildFile; fileRef = C37B816923A87F900043ED2D /* Extension+UIButton.swift */; };
		C37B816D23A880EC0043ED2D /* CommonFunc.swift in Sources */ = {isa = PBXBuildFile; fileRef = C37B816C23A880EC0043ED2D /* CommonFunc.swift */; };
		DDE893722D1A8CDBED85FB92 /* Pods_iOSCcodeGeneral.framework in Frameworks */ = {isa = PBXBuildFile; fileRef = A0DA73E0CD67658B5036E94B /* Pods_iOSCcodeGeneral.framework */; };
/* End PBXBuildFile section */

/* Begin PBXFileReference section */
		070BFAA357DF4CD30399DA7F /* Pods-iOSCcodeGeneral.debug.xcconfig */ = {isa = PBXFileReference; includeInIndex = 1; lastKnownFileType = text.xcconfig; name = "Pods-iOSCcodeGeneral.debug.xcconfig"; path = "Target Support Files/Pods-iOSCcodeGeneral/Pods-iOSCcodeGeneral.debug.xcconfig"; sourceTree = "<group>"; };
		A0DA73E0CD67658B5036E94B /* Pods_iOSCcodeGeneral.framework */ = {isa = PBXFileReference; explicitFileType = wrapper.framework; includeInIndex = 0; path = Pods_iOSCcodeGeneral.framework; sourceTree = BUILT_PRODUCTS_DIR; };
		C31B693123A77233000BEF82 /* iOSCcodeGeneral.app */ = {isa = PBXFileReference; explicitFileType = wrapper.application; includeInIndex = 0; path = iOSCcodeGeneral.app; sourceTree = BUILT_PRODUCTS_DIR; };
		C31B693423A77233000BEF82 /* AppDelegate.swift */ = {isa = PBXFileReference; lastKnownFileType = sourcecode.swift; path = AppDelegate.swift; sourceTree = "<group>"; };
		C31B693823A77233000BEF82 /* ViewController.swift */ = {isa = PBXFileReference; lastKnownFileType = sourcecode.swift; path = ViewController.swift; sourceTree = "<group>"; };
		C31B693B23A77233000BEF82 /* Base */ = {isa = PBXFileReference; lastKnownFileType = file.storyboard; name = Base; path = Base.lproj/Main.storyboard; sourceTree = "<group>"; };
		C31B693D23A77237000BEF82 /* Assets.xcassets */ = {isa = PBXFileReference; lastKnownFileType = folder.assetcatalog; path = Assets.xcassets; sourceTree = "<group>"; };
		C31B694023A77237000BEF82 /* Base */ = {isa = PBXFileReference; lastKnownFileType = file.storyboard; name = Base; path = Base.lproj/LaunchScreen.storyboard; sourceTree = "<group>"; };
		C31B694223A77237000BEF82 /* Info.plist */ = {isa = PBXFileReference; lastKnownFileType = text.plist.xml; path = Info.plist; sourceTree = "<group>"; };
		C31B694D23A77321000BEF82 /* ValidateHelper.swift */ = {isa = PBXFileReference; fileEncoding = 4; lastKnownFileType = sourcecode.swift; path = ValidateHelper.swift; sourceTree = "<group>"; };
		C31B694E23A77321000BEF82 /* ServiceConfig.swift */ = {isa = PBXFileReference; fileEncoding = 4; lastKnownFileType = sourcecode.swift; path = ServiceConfig.swift; sourceTree = "<group>"; };
		C31B694F23A77321000BEF82 /* ServiceManager.swift */ = {isa = PBXFileReference; fileEncoding = 4; lastKnownFileType = sourcecode.swift; path = ServiceManager.swift; sourceTree = "<group>"; };
		C31B695023A77321000BEF82 /* ImageHelper.swift */ = {isa = PBXFileReference; fileEncoding = 4; lastKnownFileType = sourcecode.swift; path = ImageHelper.swift; sourceTree = "<group>"; };
		C31B695623A774C2000BEF82 /* BaseModel.swift */ = {isa = PBXFileReference; fileEncoding = 4; lastKnownFileType = sourcecode.swift; path = BaseModel.swift; sourceTree = "<group>"; };
		C31B695A23A775BC000BEF82 /* DeclarationKeywords.txt */ = {isa = PBXFileReference; lastKnownFileType = text; path = DeclarationKeywords.txt; sourceTree = "<group>"; };
		C324392B23A78FEA005C38D9 /* BaseTableView.swift */ = {isa = PBXFileReference; lastKnownFileType = sourcecode.swift; path = BaseTableView.swift; sourceTree = "<group>"; };
		C324392E23A79057005C38D9 /* Spinner.swift */ = {isa = PBXFileReference; lastKnownFileType = sourcecode.swift; path = Spinner.swift; sourceTree = "<group>"; };
		C324393123A790AD005C38D9 /* AlertViewController.swift */ = {isa = PBXFileReference; lastKnownFileType = sourcecode.swift; path = AlertViewController.swift; sourceTree = "<group>"; };
		C324393323A790DD005C38D9 /* AlertViewController.xib */ = {isa = PBXFileReference; lastKnownFileType = file.xib; path = AlertViewController.xib; sourceTree = "<group>"; };
		C324393623A791A4005C38D9 /* CustomPresentationController.swift */ = {isa = PBXFileReference; lastKnownFileType = sourcecode.swift; path = CustomPresentationController.swift; sourceTree = "<group>"; };
		C324393923A791CE005C38D9 /* CustomScrollView.swift */ = {isa = PBXFileReference; lastKnownFileType = sourcecode.swift; path = CustomScrollView.swift; sourceTree = "<group>"; };
		C324393D23A7928B005C38D9 /* NibView.swift */ = {isa = PBXFileReference; lastKnownFileType = sourcecode.swift; path = NibView.swift; sourceTree = "<group>"; };
		C324394023A79309005C38D9 /* StyleApp.swift */ = {isa = PBXFileReference; lastKnownFileType = sourcecode.swift; path = StyleApp.swift; sourceTree = "<group>"; };
		C324394323A79378005C38D9 /* Extension+UIView.swift */ = {isa = PBXFileReference; lastKnownFileType = sourcecode.swift; path = "Extension+UIView.swift"; sourceTree = "<group>"; };
		C37B814523A86B620043ED2D /* Extension+UILabel.swift */ = {isa = PBXFileReference; lastKnownFileType = sourcecode.swift; path = "Extension+UILabel.swift"; sourceTree = "<group>"; };
		C37B814723A86BD50043ED2D /* Extension+UITextField.swift */ = {isa = PBXFileReference; lastKnownFileType = sourcecode.swift; path = "Extension+UITextField.swift"; sourceTree = "<group>"; };
		C37B814923A86C110043ED2D /* Extension+UITapGestureRecognizer.swift */ = {isa = PBXFileReference; lastKnownFileType = sourcecode.swift; path = "Extension+UITapGestureRecognizer.swift"; sourceTree = "<group>"; };
		C37B814B23A86D4F0043ED2D /* Extension+UINavigationController.swift */ = {isa = PBXFileReference; lastKnownFileType = sourcecode.swift; path = "Extension+UINavigationController.swift"; sourceTree = "<group>"; };
		C37B814D23A86D920043ED2D /* Extension+Data.swift */ = {isa = PBXFileReference; lastKnownFileType = sourcecode.swift; path = "Extension+Data.swift"; sourceTree = "<group>"; };
		C37B814F23A870940043ED2D /* Extension+UIViewController.swift */ = {isa = PBXFileReference; lastKnownFileType = sourcecode.swift; path = "Extension+UIViewController.swift"; sourceTree = "<group>"; };
		C37B815323A8723D0043ED2D /* BaseViewController.swift */ = {isa = PBXFileReference; lastKnownFileType = sourcecode.swift; path = BaseViewController.swift; sourceTree = "<group>"; };
		C37B815523A874610043ED2D /* Extension+UITableView.swift */ = {isa = PBXFileReference; lastKnownFileType = sourcecode.swift; path = "Extension+UITableView.swift"; sourceTree = "<group>"; };
		C37B815723A874CF0043ED2D /* Extension+UICollectionView.swift */ = {isa = PBXFileReference; lastKnownFileType = sourcecode.swift; path = "Extension+UICollectionView.swift"; sourceTree = "<group>"; };
		C37B815923A878860043ED2D /* Extension+String.swift */ = {isa = PBXFileReference; lastKnownFileType = sourcecode.swift; path = "Extension+String.swift"; sourceTree = "<group>"; };
		C37B815B23A87ABB0043ED2D /* Extension+UIImageView.swift */ = {isa = PBXFileReference; lastKnownFileType = sourcecode.swift; path = "Extension+UIImageView.swift"; sourceTree = "<group>"; };
		C37B815D23A87C4B0043ED2D /* Extension+UInt64.swift */ = {isa = PBXFileReference; lastKnownFileType = sourcecode.swift; path = "Extension+UInt64.swift"; sourceTree = "<group>"; };
		C37B815F23A87C8E0043ED2D /* Extension+Int.swift */ = {isa = PBXFileReference; lastKnownFileType = sourcecode.swift; path = "Extension+Int.swift"; sourceTree = "<group>"; };
		C37B816123A87D9D0043ED2D /* Extension+Dictionary.swift */ = {isa = PBXFileReference; lastKnownFileType = sourcecode.swift; path = "Extension+Dictionary.swift"; sourceTree = "<group>"; };
		C37B816323A87DDE0043ED2D /* Extension+Error.swift */ = {isa = PBXFileReference; lastKnownFileType = sourcecode.swift; path = "Extension+Error.swift"; sourceTree = "<group>"; };
		C37B816523A87EB70043ED2D /* Extension+Date.swift */ = {isa = PBXFileReference; lastKnownFileType = sourcecode.swift; path = "Extension+Date.swift"; sourceTree = "<group>"; };
		C37B816723A87F560043ED2D /* Extension+NSNumber.swift */ = {isa = PBXFileReference; lastKnownFileType = sourcecode.swift; path = "Extension+NSNumber.swift"; sourceTree = "<group>"; };
		C37B816923A87F900043ED2D /* Extension+UIButton.swift */ = {isa = PBXFileReference; lastKnownFileType = sourcecode.swift; path = "Extension+UIButton.swift"; sourceTree = "<group>"; };
		C37B816C23A880EC0043ED2D /* CommonFunc.swift */ = {isa = PBXFileReference; lastKnownFileType = sourcecode.swift; path = CommonFunc.swift; sourceTree = "<group>"; };
		D42E921AE3ECD0331359F17D /* Pods-iOSCcodeGeneral.release.xcconfig */ = {isa = PBXFileReference; includeInIndex = 1; lastKnownFileType = text.xcconfig; name = "Pods-iOSCcodeGeneral.release.xcconfig"; path = "Target Support Files/Pods-iOSCcodeGeneral/Pods-iOSCcodeGeneral.release.xcconfig"; sourceTree = "<group>"; };
/* End PBXFileReference section */

/* Begin PBXFrameworksBuildPhase section */
		C31B692E23A77233000BEF82 /* Frameworks */ = {
			isa = PBXFrameworksBuildPhase;
			buildActionMask = 2147483647;
			files = (
				DDE893722D1A8CDBED85FB92 /* Pods_iOSCcodeGeneral.framework in Frameworks */,
			);
			runOnlyForDeploymentPostprocessing = 0;
		};
/* End PBXFrameworksBuildPhase section */

/* Begin PBXGroup section */
		C31B692823A77233000BEF82 = {
			isa = PBXGroup;
			children = (
				C31B693323A77233000BEF82 /* iOSCcodeGeneral */,
				C31B693223A77233000BEF82 /* Products */,
				C38C2E2451C5479BFAE4B6B1 /* Pods */,
				DA791C7420D7ECC3A84A45C8 /* Frameworks */,
			);
			sourceTree = "<group>";
		};
		C31B693223A77233000BEF82 /* Products */ = {
			isa = PBXGroup;
			children = (
				C31B693123A77233000BEF82 /* iOSCcodeGeneral.app */,
			);
			name = Products;
			sourceTree = "<group>";
		};
		C31B693323A77233000BEF82 /* iOSCcodeGeneral */ = {
			isa = PBXGroup;
			children = (
				C324393C23A79277005C38D9 /* Views */,
				C31B695823A77559000BEF82 /* Model */,
				C31B694B23A77321000BEF82 /* Utilities */,
				C31B693423A77233000BEF82 /* AppDelegate.swift */,
				C31B693823A77233000BEF82 /* ViewController.swift */,
				C31B693A23A77233000BEF82 /* Main.storyboard */,
				C31B693D23A77237000BEF82 /* Assets.xcassets */,
				C31B693F23A77237000BEF82 /* LaunchScreen.storyboard */,
				C31B694223A77237000BEF82 /* Info.plist */,
			);
			path = iOSCcodeGeneral;
			sourceTree = "<group>";
		};
		C31B694823A772CC000BEF82 /* Services */ = {
			isa = PBXGroup;
			children = (
				C31B694E23A77321000BEF82 /* ServiceConfig.swift */,
				C31B694F23A77321000BEF82 /* ServiceManager.swift */,
			);
			path = Services;
			sourceTree = "<group>";
		};
		C31B694B23A77321000BEF82 /* Utilities */ = {
			isa = PBXGroup;
			children = (
				C31B695923A77567000BEF82 /* Helps */,
				C31B694823A772CC000BEF82 /* Services */,
				C31B694D23A77321000BEF82 /* ValidateHelper.swift */,
				C31B695023A77321000BEF82 /* ImageHelper.swift */,
			);
			path = Utilities;
			sourceTree = "<group>";
		};
		C31B695823A77559000BEF82 /* Model */ = {
			isa = PBXGroup;
			children = (
				C31B695623A774C2000BEF82 /* BaseModel.swift */,
			);
			path = Model;
			sourceTree = "<group>";
		};
		C31B695923A77567000BEF82 /* Helps */ = {
			isa = PBXGroup;
			children = (
				C37B816B23A880DC0043ED2D /* CommonFunc */,
				C37B815123A872280043ED2D /* BaseLocal */,
				C324394223A79361005C38D9 /* Extensions */,
				C324393F23A792F2005C38D9 /* StyleApp */,
				C324393823A791C4005C38D9 /* CustomScrollView */,
				C324393523A79199005C38D9 /* CustomPresentationController */,
				C324393023A79098005C38D9 /* AlertViewController */,
				C324392D23A79045005C38D9 /* Spinner */,
				C31B695A23A775BC000BEF82 /* DeclarationKeywords.txt */,
			);
			path = Helps;
			sourceTree = "<group>";
		};
		C324392A23A78FC8005C38D9 /* BaseTableView */ = {
			isa = PBXGroup;
			children = (
				C324392B23A78FEA005C38D9 /* BaseTableView.swift */,
			);
			path = BaseTableView;
			sourceTree = "<group>";
		};
		C324392D23A79045005C38D9 /* Spinner */ = {
			isa = PBXGroup;
			children = (
				C324392E23A79057005C38D9 /* Spinner.swift */,
			);
			path = Spinner;
			sourceTree = "<group>";
		};
		C324393023A79098005C38D9 /* AlertViewController */ = {
			isa = PBXGroup;
			children = (
				C324393123A790AD005C38D9 /* AlertViewController.swift */,
				C324393323A790DD005C38D9 /* AlertViewController.xib */,
			);
			path = AlertViewController;
			sourceTree = "<group>";
		};
		C324393523A79199005C38D9 /* CustomPresentationController */ = {
			isa = PBXGroup;
			children = (
				C324393623A791A4005C38D9 /* CustomPresentationController.swift */,
			);
			path = CustomPresentationController;
			sourceTree = "<group>";
		};
		C324393823A791C4005C38D9 /* CustomScrollView */ = {
			isa = PBXGroup;
			children = (
				C324393923A791CE005C38D9 /* CustomScrollView.swift */,
			);
			path = CustomScrollView;
			sourceTree = "<group>";
		};
		C324393B23A7926D005C38D9 /* NibView */ = {
			isa = PBXGroup;
			children = (
				C324393D23A7928B005C38D9 /* NibView.swift */,
			);
			path = NibView;
			sourceTree = "<group>";
		};
		C324393C23A79277005C38D9 /* Views */ = {
			isa = PBXGroup;
			children = (
				C324393B23A7926D005C38D9 /* NibView */,
			);
			path = Views;
			sourceTree = "<group>";
		};
		C324393F23A792F2005C38D9 /* StyleApp */ = {
			isa = PBXGroup;
			children = (
				C324394023A79309005C38D9 /* StyleApp.swift */,
			);
			path = StyleApp;
			sourceTree = "<group>";
		};
		C324394223A79361005C38D9 /* Extensions */ = {
			isa = PBXGroup;
			children = (
				C324394323A79378005C38D9 /* Extension+UIView.swift */,
				C37B814523A86B620043ED2D /* Extension+UILabel.swift */,
				C37B814723A86BD50043ED2D /* Extension+UITextField.swift */,
				C37B814923A86C110043ED2D /* Extension+UITapGestureRecognizer.swift */,
				C37B814B23A86D4F0043ED2D /* Extension+UINavigationController.swift */,
				C37B814D23A86D920043ED2D /* Extension+Data.swift */,
				C37B814F23A870940043ED2D /* Extension+UIViewController.swift */,
				C37B815523A874610043ED2D /* Extension+UITableView.swift */,
				C37B815723A874CF0043ED2D /* Extension+UICollectionView.swift */,
				C37B815923A878860043ED2D /* Extension+String.swift */,
				C37B815B23A87ABB0043ED2D /* Extension+UIImageView.swift */,
				C37B815D23A87C4B0043ED2D /* Extension+UInt64.swift */,
				C37B815F23A87C8E0043ED2D /* Extension+Int.swift */,
				C37B816123A87D9D0043ED2D /* Extension+Dictionary.swift */,
				C37B816323A87DDE0043ED2D /* Extension+Error.swift */,
				C37B816523A87EB70043ED2D /* Extension+Date.swift */,
				C37B816723A87F560043ED2D /* Extension+NSNumber.swift */,
				C37B816923A87F900043ED2D /* Extension+UIButton.swift */,
			);
			path = Extensions;
			sourceTree = "<group>";
		};
		C37B815123A872280043ED2D /* BaseLocal */ = {
			isa = PBXGroup;
			children = (
				C324392A23A78FC8005C38D9 /* BaseTableView */,
				C37B815223A872300043ED2D /* BaseViewController */,
			);
			path = BaseLocal;
			sourceTree = "<group>";
		};
		C37B815223A872300043ED2D /* BaseViewController */ = {
			isa = PBXGroup;
			children = (
				C37B815323A8723D0043ED2D /* BaseViewController.swift */,
			);
			path = BaseViewController;
			sourceTree = "<group>";
		};
		C37B816B23A880DC0043ED2D /* CommonFunc */ = {
			isa = PBXGroup;
			children = (
				C37B816C23A880EC0043ED2D /* CommonFunc.swift */,
			);
			path = CommonFunc;
			sourceTree = "<group>";
		};
		C38C2E2451C5479BFAE4B6B1 /* Pods */ = {
			isa = PBXGroup;
			children = (
				070BFAA357DF4CD30399DA7F /* Pods-iOSCcodeGeneral.debug.xcconfig */,
				D42E921AE3ECD0331359F17D /* Pods-iOSCcodeGeneral.release.xcconfig */,
			);
			path = Pods;
			sourceTree = "<group>";
		};
		DA791C7420D7ECC3A84A45C8 /* Frameworks */ = {
			isa = PBXGroup;
			children = (
				A0DA73E0CD67658B5036E94B /* Pods_iOSCcodeGeneral.framework */,
			);
			name = Frameworks;
			sourceTree = "<group>";
		};
/* End PBXGroup section */

/* Begin PBXNativeTarget section */
		C31B693023A77233000BEF82 /* iOSCcodeGeneral */ = {
			isa = PBXNativeTarget;
			buildConfigurationList = C31B694523A77237000BEF82 /* Build configuration list for PBXNativeTarget "iOSCcodeGeneral" */;
			buildPhases = (
				29FCF60AE990762D2AF8F7FF /* [CP] Check Pods Manifest.lock */,
				C31B692D23A77233000BEF82 /* Sources */,
				C31B692E23A77233000BEF82 /* Frameworks */,
				C31B692F23A77233000BEF82 /* Resources */,
				8E1305364375CC044666220E /* [CP] Embed Pods Frameworks */,
			);
			buildRules = (
			);
			dependencies = (
			);
			name = iOSCcodeGeneral;
			productName = iOSCcodeGeneral;
			productReference = C31B693123A77233000BEF82 /* iOSCcodeGeneral.app */;
			productType = "com.apple.product-type.application";
		};
/* End PBXNativeTarget section */

/* Begin PBXProject section */
		C31B692923A77233000BEF82 /* Project object */ = {
			isa = PBXProject;
			attributes = {
				LastSwiftUpdateCheck = 1120;
				LastUpgradeCheck = 1120;
				ORGANIZATIONNAME = Vision;
				TargetAttributes = {
					C31B693023A77233000BEF82 = {
						CreatedOnToolsVersion = 11.2.1;
					};
				};
			};
			buildConfigurationList = C31B692C23A77233000BEF82 /* Build configuration list for PBXProject "iOSCcodeGeneral" */;
			compatibilityVersion = "Xcode 9.3";
			developmentRegion = en;
			hasScannedForEncodings = 0;
			knownRegions = (
				en,
				Base,
			);
			mainGroup = C31B692823A77233000BEF82;
			productRefGroup = C31B693223A77233000BEF82 /* Products */;
			projectDirPath = "";
			projectRoot = "";
			targets = (
				C31B693023A77233000BEF82 /* iOSCcodeGeneral */,
			);
		};
/* End PBXProject section */

/* Begin PBXResourcesBuildPhase section */
		C31B692F23A77233000BEF82 /* Resources */ = {
			isa = PBXResourcesBuildPhase;
			buildActionMask = 2147483647;
			files = (
				C31B694123A77237000BEF82 /* LaunchScreen.storyboard in Resources */,
				C31B695B23A775BC000BEF82 /* DeclarationKeywords.txt in Resources */,
				C31B693E23A77237000BEF82 /* Assets.xcassets in Resources */,
				C31B693C23A77233000BEF82 /* Main.storyboard in Resources */,
				C324393423A790DD005C38D9 /* AlertViewController.xib in Resources */,
			);
			runOnlyForDeploymentPostprocessing = 0;
		};
/* End PBXResourcesBuildPhase section */

/* Begin PBXShellScriptBuildPhase section */
		29FCF60AE990762D2AF8F7FF /* [CP] Check Pods Manifest.lock */ = {
			isa = PBXShellScriptBuildPhase;
			buildActionMask = 2147483647;
			files = (
			);
			inputFileListPaths = (
			);
			inputPaths = (
				"${PODS_PODFILE_DIR_PATH}/Podfile.lock",
				"${PODS_ROOT}/Manifest.lock",
			);
			name = "[CP] Check Pods Manifest.lock";
			outputFileListPaths = (
			);
			outputPaths = (
				"$(DERIVED_FILE_DIR)/Pods-iOSCcodeGeneral-checkManifestLockResult.txt",
			);
			runOnlyForDeploymentPostprocessing = 0;
			shellPath = /bin/sh;
			shellScript = "diff \"${PODS_PODFILE_DIR_PATH}/Podfile.lock\" \"${PODS_ROOT}/Manifest.lock\" > /dev/null\nif [ $? != 0 ] ; then\n    # print error to STDERR\n    echo \"error: The sandbox is not in sync with the Podfile.lock. Run 'pod install' or update your CocoaPods installation.\" >&2\n    exit 1\nfi\n# This output is used by Xcode 'outputs' to avoid re-running this script phase.\necho \"SUCCESS\" > \"${SCRIPT_OUTPUT_FILE_0}\"\n";
			showEnvVarsInLog = 0;
		};
		8E1305364375CC044666220E /* [CP] Embed Pods Frameworks */ = {
			isa = PBXShellScriptBuildPhase;
			buildActionMask = 2147483647;
			files = (
			);
			inputFileListPaths = (
				"${PODS_ROOT}/Target Support Files/Pods-iOSCcodeGeneral/Pods-iOSCcodeGeneral-frameworks-${CONFIGURATION}-input-files.xcfilelist",
			);
			name = "[CP] Embed Pods Frameworks";
			outputFileListPaths = (
				"${PODS_ROOT}/Target Support Files/Pods-iOSCcodeGeneral/Pods-iOSCcodeGeneral-frameworks-${CONFIGURATION}-output-files.xcfilelist",
			);
			runOnlyForDeploymentPostprocessing = 0;
			shellPath = /bin/sh;
			shellScript = "\"${PODS_ROOT}/Target Support Files/Pods-iOSCcodeGeneral/Pods-iOSCcodeGeneral-frameworks.sh\"\n";
			showEnvVarsInLog = 0;
		};
/* End PBXShellScriptBuildPhase section */

/* Begin PBXSourcesBuildPhase section */
		C31B692D23A77233000BEF82 /* Sources */ = {
			isa = PBXSourcesBuildPhase;
			buildActionMask = 2147483647;
			files = (
				C37B815E23A87C4B0043ED2D /* Extension+UInt64.swift in Sources */,
				C31B695323A77321000BEF82 /* ServiceConfig.swift in Sources */,
				C324392F23A79057005C38D9 /* Spinner.swift in Sources */,
				C324394423A79378005C38D9 /* Extension+UIView.swift in Sources */,
				C324393A23A791CE005C38D9 /* CustomScrollView.swift in Sources */,
				C37B816823A87F560043ED2D /* Extension+NSNumber.swift in Sources */,
				C324393723A791A4005C38D9 /* CustomPresentationController.swift in Sources */,
				C37B816223A87D9D0043ED2D /* Extension+Dictionary.swift in Sources */,
				C37B814E23A86D920043ED2D /* Extension+Data.swift in Sources */,
				C37B816623A87EB70043ED2D /* Extension+Date.swift in Sources */,
				C31B695223A77321000BEF82 /* ValidateHelper.swift in Sources */,
				C37B816A23A87F900043ED2D /* Extension+UIButton.swift in Sources */,
				C324393223A790AD005C38D9 /* AlertViewController.swift in Sources */,
				C37B815023A870940043ED2D /* Extension+UIViewController.swift in Sources */,
				C31B695723A774C3000BEF82 /* BaseModel.swift in Sources */,
				C37B815A23A878860043ED2D /* Extension+String.swift in Sources */,
				C37B814623A86B620043ED2D /* Extension+UILabel.swift in Sources */,
				C37B815623A874610043ED2D /* Extension+UITableView.swift in Sources */,
				C37B814823A86BD50043ED2D /* Extension+UITextField.swift in Sources */,
				C31B693923A77233000BEF82 /* ViewController.swift in Sources */,
				C37B815423A8723D0043ED2D /* BaseViewController.swift in Sources */,
				C37B816023A87C8E0043ED2D /* Extension+Int.swift in Sources */,
				C324392C23A78FEA005C38D9 /* BaseTableView.swift in Sources */,
				C37B816423A87DDE0043ED2D /* Extension+Error.swift in Sources */,
				C37B816D23A880EC0043ED2D /* CommonFunc.swift in Sources */,
				C37B815823A874CF0043ED2D /* Extension+UICollectionView.swift in Sources */,
				C31B693523A77233000BEF82 /* AppDelegate.swift in Sources */,
				C37B814C23A86D4F0043ED2D /* Extension+UINavigationController.swift in Sources */,
				C37B815C23A87ABB0043ED2D /* Extension+UIImageView.swift in Sources */,
				C324393E23A7928B005C38D9 /* NibView.swift in Sources */,
				C31B695423A77321000BEF82 /* ServiceManager.swift in Sources */,
				C37B814A23A86C110043ED2D /* Extension+UITapGestureRecognizer.swift in Sources */,
				C31B695523A77321000BEF82 /* ImageHelper.swift in Sources */,
				C324394123A79309005C38D9 /* StyleApp.swift in Sources */,
			);
			runOnlyForDeploymentPostprocessing = 0;
		};
/* End PBXSourcesBuildPhase section */

/* Begin PBXVariantGroup section */
		C31B693A23A77233000BEF82 /* Main.storyboard */ = {
			isa = PBXVariantGroup;
			children = (
				C31B693B23A77233000BEF82 /* Base */,
			);
			name = Main.storyboard;
			sourceTree = "<group>";
		};
		C31B693F23A77237000BEF82 /* LaunchScreen.storyboard */ = {
			isa = PBXVariantGroup;
			children = (
				C31B694023A77237000BEF82 /* Base */,
			);
			name = LaunchScreen.storyboard;
			sourceTree = "<group>";
		};
/* End PBXVariantGroup section */

/* Begin XCBuildConfiguration section */
		C31B694323A77237000BEF82 /* Debug */ = {
			isa = XCBuildConfiguration;
			buildSettings = {
				ALWAYS_SEARCH_USER_PATHS = NO;
				CLANG_ANALYZER_NONNULL = YES;
				CLANG_ANALYZER_NUMBER_OBJECT_CONVERSION = YES_AGGRESSIVE;
				CLANG_CXX_LANGUAGE_STANDARD = "gnu++14";
				CLANG_CXX_LIBRARY = "libc++";
				CLANG_ENABLE_MODULES = YES;
				CLANG_ENABLE_OBJC_ARC = YES;
				CLANG_ENABLE_OBJC_WEAK = YES;
				CLANG_WARN_BLOCK_CAPTURE_AUTORELEASING = YES;
				CLANG_WARN_BOOL_CONVERSION = YES;
				CLANG_WARN_COMMA = YES;
				CLANG_WARN_CONSTANT_CONVERSION = YES;
				CLANG_WARN_DEPRECATED_OBJC_IMPLEMENTATIONS = YES;
				CLANG_WARN_DIRECT_OBJC_ISA_USAGE = YES_ERROR;
				CLANG_WARN_DOCUMENTATION_COMMENTS = YES;
				CLANG_WARN_EMPTY_BODY = YES;
				CLANG_WARN_ENUM_CONVERSION = YES;
				CLANG_WARN_INFINITE_RECURSION = YES;
				CLANG_WARN_INT_CONVERSION = YES;
				CLANG_WARN_NON_LITERAL_NULL_CONVERSION = YES;
				CLANG_WARN_OBJC_IMPLICIT_RETAIN_SELF = YES;
				CLANG_WARN_OBJC_LITERAL_CONVERSION = YES;
				CLANG_WARN_OBJC_ROOT_CLASS = YES_ERROR;
				CLANG_WARN_RANGE_LOOP_ANALYSIS = YES;
				CLANG_WARN_STRICT_PROTOTYPES = YES;
				CLANG_WARN_SUSPICIOUS_MOVE = YES;
				CLANG_WARN_UNGUARDED_AVAILABILITY = YES_AGGRESSIVE;
				CLANG_WARN_UNREACHABLE_CODE = YES;
				CLANG_WARN__DUPLICATE_METHOD_MATCH = YES;
				COPY_PHASE_STRIP = NO;
				DEBUG_INFORMATION_FORMAT = dwarf;
				ENABLE_STRICT_OBJC_MSGSEND = YES;
				ENABLE_TESTABILITY = YES;
				GCC_C_LANGUAGE_STANDARD = gnu11;
				GCC_DYNAMIC_NO_PIC = NO;
				GCC_NO_COMMON_BLOCKS = YES;
				GCC_OPTIMIZATION_LEVEL = 0;
				GCC_PREPROCESSOR_DEFINITIONS = (
					"DEBUG=1",
					"$(inherited)",
				);
				GCC_WARN_64_TO_32_BIT_CONVERSION = YES;
				GCC_WARN_ABOUT_RETURN_TYPE = YES_ERROR;
				GCC_WARN_UNDECLARED_SELECTOR = YES;
				GCC_WARN_UNINITIALIZED_AUTOS = YES_AGGRESSIVE;
				GCC_WARN_UNUSED_FUNCTION = YES;
				GCC_WARN_UNUSED_VARIABLE = YES;
				IPHONEOS_DEPLOYMENT_TARGET = 13.2;
				MTL_ENABLE_DEBUG_INFO = INCLUDE_SOURCE;
				MTL_FAST_MATH = YES;
				ONLY_ACTIVE_ARCH = YES;
				SDKROOT = iphoneos;
				SWIFT_ACTIVE_COMPILATION_CONDITIONS = DEBUG;
				SWIFT_OPTIMIZATION_LEVEL = "-Onone";
			};
			name = Debug;
		};
		C31B694423A77237000BEF82 /* Release */ = {
			isa = XCBuildConfiguration;
			buildSettings = {
				ALWAYS_SEARCH_USER_PATHS = NO;
				CLANG_ANALYZER_NONNULL = YES;
				CLANG_ANALYZER_NUMBER_OBJECT_CONVERSION = YES_AGGRESSIVE;
				CLANG_CXX_LANGUAGE_STANDARD = "gnu++14";
				CLANG_CXX_LIBRARY = "libc++";
				CLANG_ENABLE_MODULES = YES;
				CLANG_ENABLE_OBJC_ARC = YES;
				CLANG_ENABLE_OBJC_WEAK = YES;
				CLANG_WARN_BLOCK_CAPTURE_AUTORELEASING = YES;
				CLANG_WARN_BOOL_CONVERSION = YES;
				CLANG_WARN_COMMA = YES;
				CLANG_WARN_CONSTANT_CONVERSION = YES;
				CLANG_WARN_DEPRECATED_OBJC_IMPLEMENTATIONS = YES;
				CLANG_WARN_DIRECT_OBJC_ISA_USAGE = YES_ERROR;
				CLANG_WARN_DOCUMENTATION_COMMENTS = YES;
				CLANG_WARN_EMPTY_BODY = YES;
				CLANG_WARN_ENUM_CONVERSION = YES;
				CLANG_WARN_INFINITE_RECURSION = YES;
				CLANG_WARN_INT_CONVERSION = YES;
				CLANG_WARN_NON_LITERAL_NULL_CONVERSION = YES;
				CLANG_WARN_OBJC_IMPLICIT_RETAIN_SELF = YES;
				CLANG_WARN_OBJC_LITERAL_CONVERSION = YES;
				CLANG_WARN_OBJC_ROOT_CLASS = YES_ERROR;
				CLANG_WARN_RANGE_LOOP_ANALYSIS = YES;
				CLANG_WARN_STRICT_PROTOTYPES = YES;
				CLANG_WARN_SUSPICIOUS_MOVE = YES;
				CLANG_WARN_UNGUARDED_AVAILABILITY = YES_AGGRESSIVE;
				CLANG_WARN_UNREACHABLE_CODE = YES;
				CLANG_WARN__DUPLICATE_METHOD_MATCH = YES;
				COPY_PHASE_STRIP = NO;
				DEBUG_INFORMATION_FORMAT = "dwarf-with-dsym";
				ENABLE_NS_ASSERTIONS = NO;
				ENABLE_STRICT_OBJC_MSGSEND = YES;
				GCC_C_LANGUAGE_STANDARD = gnu11;
				GCC_NO_COMMON_BLOCKS = YES;
				GCC_WARN_64_TO_32_BIT_CONVERSION = YES;
				GCC_WARN_ABOUT_RETURN_TYPE = YES_ERROR;
				GCC_WARN_UNDECLARED_SELECTOR = YES;
				GCC_WARN_UNINITIALIZED_AUTOS = YES_AGGRESSIVE;
				GCC_WARN_UNUSED_FUNCTION = YES;
				GCC_WARN_UNUSED_VARIABLE = YES;
				IPHONEOS_DEPLOYMENT_TARGET = 13.2;
				MTL_ENABLE_DEBUG_INFO = NO;
				MTL_FAST_MATH = YES;
				SDKROOT = iphoneos;
				SWIFT_COMPILATION_MODE = wholemodule;
				SWIFT_OPTIMIZATION_LEVEL = "-O";
				VALIDATE_PRODUCT = YES;
			};
			name = Release;
		};
		C31B694623A77237000BEF82 /* Debug */ = {
			isa = XCBuildConfiguration;
			baseConfigurationReference = 070BFAA357DF4CD30399DA7F /* Pods-iOSCcodeGeneral.debug.xcconfig */;
			buildSettings = {
				ASSETCATALOG_COMPILER_APPICON_NAME = AppIcon;
				CODE_SIGN_STYLE = Automatic;
				DEVELOPMENT_TEAM = TSTXF4N63V;
				INFOPLIST_FILE = iOSCcodeGeneral/Info.plist;
				IPHONEOS_DEPLOYMENT_TARGET = 11.0;
				LD_RUNPATH_SEARCH_PATHS = (
					"$(inherited)",
					"@executable_path/Frameworks",
				);
				PRODUCT_BUNDLE_IDENTIFIER = com.vision.iOSCcodeGeneral;
				PRODUCT_NAME = "$(TARGET_NAME)";
				SWIFT_VERSION = 5.0;
				TARGETED_DEVICE_FAMILY = "1,2";
			};
			name = Debug;
		};
		C31B694723A77237000BEF82 /* Release */ = {
			isa = XCBuildConfiguration;
			baseConfigurationReference = D42E921AE3ECD0331359F17D /* Pods-iOSCcodeGeneral.release.xcconfig */;
			buildSettings = {
				ASSETCATALOG_COMPILER_APPICON_NAME = AppIcon;
				CODE_SIGN_STYLE = Automatic;
				DEVELOPMENT_TEAM = TSTXF4N63V;
				INFOPLIST_FILE = iOSCcodeGeneral/Info.plist;
				IPHONEOS_DEPLOYMENT_TARGET = 11.0;
				LD_RUNPATH_SEARCH_PATHS = (
					"$(inherited)",
					"@executable_path/Frameworks",
				);
				PRODUCT_BUNDLE_IDENTIFIER = com.vision.iOSCcodeGeneral;
				PRODUCT_NAME = "$(TARGET_NAME)";
				SWIFT_VERSION = 5.0;
				TARGETED_DEVICE_FAMILY = "1,2";
			};
			name = Release;
		};
/* End XCBuildConfiguration section */

/* Begin XCConfigurationList section */
		C31B692C23A77233000BEF82 /* Build configuration list for PBXProject "iOSCcodeGeneral" */ = {
			isa = XCConfigurationList;
			buildConfigurations = (
				C31B694323A77237000BEF82 /* Debug */,
				C31B694423A77237000BEF82 /* Release */,
			);
			defaultConfigurationIsVisible = 0;
			defaultConfigurationName = Release;
		};
		C31B694523A77237000BEF82 /* Build configuration list for PBXNativeTarget "iOSCcodeGeneral" */ = {
			isa = XCConfigurationList;
			buildConfigurations = (
				C31B694623A77237000BEF82 /* Debug */,
				C31B694723A77237000BEF82 /* Release */,
			);
			defaultConfigurationIsVisible = 0;
			defaultConfigurationName = Release;
		};
/* End XCConfigurationList section */
	};
	rootObject = C31B692923A77233000BEF82 /* Project object */;
}
